
Microsoft Visual Studio Solution File, Format Version 12.00
# Visual Studio 14
VisualStudioVersion = 14.0.25420.1
MinimumVisualStudioVersion = 10.0.40219.1
Project("{FAE04EC0-301F-11D3-BF4B-00C04F79EFBC}") = "GraduateWork.Server", "GraduateWork.Server\GraduateWork.Server.csproj", "{BE2202C2-6895-4103-8D37-489CDFBB2F97}"
EndProject
Project("{FAE04EC0-301F-11D3-BF4B-00C04F79EFBC}") = "GraduateWork.Server.Test", "GraduateWork.Server.Test\GraduateWork.Server.Test.csproj", "{0013EDF1-C1AA-4D23-B933-478FE50466D6}"
EndProject
Project("{FAE04EC0-301F-11D3-BF4B-00C04F79EFBC}") = "GraduateWork.Server.Database", "GraduateWork.Server.Database\GraduateWork.Server.Database.csproj", "{494BED79-81E9-4D39-A0E6-47577C701172}"
EndProject
Project("{FAE04EC0-301F-11D3-BF4B-00C04F79EFBC}") = "GraduateWork.Server.Common", "GraduateWork.Server.Common\GraduateWork.Server.Common.csproj", "{5E51152B-43DC-4B8E-9E22-3C54E6EF416F}"
EndProject
Global
	GlobalSection(SolutionConfigurationPlatforms) = preSolution
		Debug|Any CPU = Debug|Any CPU
		Release|Any CPU = Release|Any CPU
	EndGlobalSection
	GlobalSection(ProjectConfigurationPlatforms) = postSolution
		{BE2202C2-6895-4103-8D37-489CDFBB2F97}.Debug|Any CPU.ActiveCfg = Debug|Any CPU
		{BE2202C2-6895-4103-8D37-489CDFBB2F97}.Debug|Any CPU.Build.0 = Debug|Any CPU
		{BE2202C2-6895-4103-8D37-489CDFBB2F97}.Release|Any CPU.ActiveCfg = Release|Any CPU
		{BE2202C2-6895-4103-8D37-489CDFBB2F97}.Release|Any CPU.Build.0 = Release|Any CPU
		{0013EDF1-C1AA-4D23-B933-478FE50466D6}.Debug|Any CPU.ActiveCfg = Debug|Any CPU
		{0013EDF1-C1AA-4D23-B933-478FE50466D6}.Debug|Any CPU.Build.0 = Debug|Any CPU
		{0013EDF1-C1AA-4D23-B933-478FE50466D6}.Release|Any CPU.ActiveCfg = Release|Any CPU
		{0013EDF1-C1AA-4D23-B933-478FE50466D6}.Release|Any CPU.Build.0 = Release|Any CPU
		{494BED79-81E9-4D39-A0E6-47577C701172}.Debug|Any CPU.ActiveCfg = Debug|Any CPU
		{494BED79-81E9-4D39-A0E6-47577C701172}.Debug|Any CPU.Build.0 = Debug|Any CPU
		{494BED79-81E9-4D39-A0E6-47577C701172}.Release|Any CPU.ActiveCfg = Release|Any CPU
		{494BED79-81E9-4D39-A0E6-47577C701172}.Release|Any CPU.Build.0 = Release|Any CPU
		{5E51152B-43DC-4B8E-9E22-3C54E6EF416F}.Debug|Any CPU.ActiveCfg = Debug|Any CPU
		{5E51152B-43DC-4B8E-9E22-3C54E6EF416F}.Debug|Any CPU.Build.0 = Debug|Any CPU
		{5E51152B-43DC-4B8E-9E22-3C54E6EF416F}.Release|Any CPU.ActiveCfg = Release|Any CPU
		{5E51152B-43DC-4B8E-9E22-3C54E6EF416F}.Release|Any CPU.Build.0 = Release|Any CPU
	EndGlobalSection
	GlobalSection(SolutionProperties) = preSolution
		HideSolutionNode = FALSE
	EndGlobalSection
EndGlobal
